
Microsoft Visual Studio Solution File, Format Version 12.00
# Visual Studio Version 17
VisualStudioVersion = 17.14.36221.1
MinimumVisualStudioVersion = 10.0.40219.1
Project("{2150E333-8FDC-42A3-9474-1A3956D46DE8}") = "src", "src", "{02EA681E-C7D8-13C7-8484-4AC65E1B71E8}"
EndProject
Project("{FAE04EC0-301F-11D3-BF4B-00C04F79EFBC}") = "VeradeAddin", "src\VeradeAddin\VeradeAddin.csproj", "{5F55F85F-8627-41D5-8B18-BD6C93741143}"
EndProject
Global
	GlobalSection(SolutionConfigurationPlatforms) = preSolution
		Debug|Any CPU = Debug|Any CPU
		Debug|x64 = Debug|x64
		Release|Any CPU = Release|Any CPU
		Release|x64 = Release|x64
	EndGlobalSection
	GlobalSection(ProjectConfigurationPlatforms) = postSolution
		{5F55F85F-8627-41D5-8B18-BD6C93741143}.Debug|Any CPU.ActiveCfg = Debug|Any CPU
		{5F55F85F-8627-41D5-8B18-BD6C93741143}.Debug|Any CPU.Build.0 = Debug|Any CPU
		{5F55F85F-8627-41D5-8B18-BD6C93741143}.Debug|x64.ActiveCfg = Debug|x64
		{5F55F85F-8627-41D5-8B18-BD6C93741143}.Debug|x64.Build.0 = Debug|x64
		{5F55F85F-8627-41D5-8B18-BD6C93741143}.Release|Any CPU.ActiveCfg = Release|Any CPU
		{5F55F85F-8627-41D5-8B18-BD6C93741143}.Release|Any CPU.Build.0 = Release|Any CPU
		{5F55F85F-8627-41D5-8B18-BD6C93741143}.Release|x64.ActiveCfg = Release|x64
		{5F55F85F-8627-41D5-8B18-BD6C93741143}.Release|x64.Build.0 = Release|x64
	EndGlobalSection
	GlobalSection(SolutionProperties) = preSolution
		HideSolutionNode = FALSE
	EndGlobalSection
	GlobalSection(NestedProjects) = preSolution
		{5F55F85F-8627-41D5-8B18-BD6C93741143} = {02EA681E-C7D8-13C7-8484-4AC65E1B71E8}
	EndGlobalSection
	GlobalSection(ExtensibilityGlobals) = postSolution
		SolutionGuid = {15967E47-799D-4904-AB44-F53A3D1772DF}
	EndGlobalSection
EndGlobal
